
Microsoft Visual Studio Solution File, Format Version 12.00
# Visual Studio 15
VisualStudioVersion = 15.0.28307.106
MinimumVisualStudioVersion = 10.0.40219.1
Project("{8BC9CEB8-8B4A-11D0-8D11-00A0C91BC942}") = "EngineGameTutorial", "EngineGameTutorial\EngineGameTutorial.vcxproj", "{5FCB0319-A87D-4096-ABE1-E84BB5686DFD}"
EndProject
Global
	GlobalSection(SolutionConfigurationPlatforms) = preSolution
		Debug|x64 = Debug|x64
		Debug|x86 = Debug|x86
		Release|x64 = Release|x64
		Release|x86 = Release|x86
	EndGlobalSection
	GlobalSection(ProjectConfigurationPlatforms) = postSolution
		{5FCB0319-A87D-4096-ABE1-E84BB5686DFD}.Debug|x64.ActiveCfg = Debug|x64
		{5FCB0319-A87D-4096-ABE1-E84BB5686DFD}.Debug|x64.Build.0 = Debug|x64
		{5FCB0319-A87D-4096-ABE1-E84BB5686DFD}.Debug|x86.ActiveCfg = Debug|Win32
		{5FCB0319-A87D-4096-ABE1-E84BB5686DFD}.Debug|x86.Build.0 = Debug|Win32
		{5FCB0319-A87D-4096-ABE1-E84BB5686DFD}.Release|x64.ActiveCfg = Release|x64
		{5FCB0319-A87D-4096-ABE1-E84BB5686DFD}.Release|x64.Build.0 = Release|x64
		{5FCB0319-A87D-4096-ABE1-E84BB5686DFD}.Release|x86.ActiveCfg = Release|Win32
		{5FCB0319-A87D-4096-ABE1-E84BB5686DFD}.Release|x86.Build.0 = Release|Win32
	EndGlobalSection
	GlobalSection(SolutionProperties) = preSolution
		HideSolutionNode = FALSE
	EndGlobalSection
	GlobalSection(ExtensibilityGlobals) = postSolution
		SolutionGuid = {B7302D32-34A4-42CC-BF57-BC98366809AB}
	EndGlobalSection
EndGlobal
